// !$*UTF8*$!
{
	archiveVersion = 1;
	classes = {
	};
	objectVersion = 48;
	objects = {

/* Begin PBXBuildFile section */
		0A753EA92005B7BE00366B16 /* AppDelegate.m in Sources */ = {isa = PBXBuildFile; fileRef = 0A753EA82005B7BE00366B16 /* AppDelegate.m */; };
		0A753EAF2005B7BE00366B16 /* Main.storyboard in Resources */ = {isa = PBXBuildFile; fileRef = 0A753EAD2005B7BE00366B16 /* Main.storyboard */; };
		0A753EB12005B7BE00366B16 /* Assets.xcassets in Resources */ = {isa = PBXBuildFile; fileRef = 0A753EB02005B7BE00366B16 /* Assets.xcassets */; };
		0A753EB42005B7BE00366B16 /* LaunchScreen.storyboard in Resources */ = {isa = PBXBuildFile; fileRef = 0A753EB22005B7BE00366B16 /* LaunchScreen.storyboard */; };
		0A753EB72005B7BE00366B16 /* main.m in Sources */ = {isa = PBXBuildFile; fileRef = 0A753EB62005B7BE00366B16 /* main.m */; };
		0A753EBF2005B7F000366B16 /* CalendarViewController.m in Sources */ = {isa = PBXBuildFile; fileRef = 0A753EBE2005B7F000366B16 /* CalendarViewController.m */; };
		0A753EC22005C2A000366B16 /* Model.m in Sources */ = {isa = PBXBuildFile; fileRef = 0A753EC12005C2A000366B16 /* Model.m */; };
		0A753EC52005C31700366B16 /* WeekCell.m in Sources */ = {isa = PBXBuildFile; fileRef = 0A753EC42005C31700366B16 /* WeekCell.m */; };
		0A753EC82005C32F00366B16 /* MonthCell.m in Sources */ = {isa = PBXBuildFile; fileRef = 0A753EC72005C32F00366B16 /* MonthCell.m */; };
		0A753ECB2005C3C200366B16 /* WeekProvider.m in Sources */ = {isa = PBXBuildFile; fileRef = 0A753ECA2005C3C200366B16 /* WeekProvider.m */; };
		0A753ECE2005C3D700366B16 /* MonthProvider.m in Sources */ = {isa = PBXBuildFile; fileRef = 0A753ECD2005C3D700366B16 /* MonthProvider.m */; };
/* End PBXBuildFile section */

/* Begin PBXFileReference section */
		0A753EA42005B7BD00366B16 /* CalendarAppVersion2.app */ = {isa = PBXFileReference; explicitFileType = wrapper.application; includeInIndex = 0; path = CalendarAppVersion2.app; sourceTree = BUILT_PRODUCTS_DIR; };
		0A753EA72005B7BE00366B16 /* AppDelegate.h */ = {isa = PBXFileReference; lastKnownFileType = sourcecode.c.h; path = AppDelegate.h; sourceTree = "<group>"; };
		0A753EA82005B7BE00366B16 /* AppDelegate.m */ = {isa = PBXFileReference; lastKnownFileType = sourcecode.c.objc; path = AppDelegate.m; sourceTree = "<group>"; };
		0A753EAE2005B7BE00366B16 /* Base */ = {isa = PBXFileReference; lastKnownFileType = file.storyboard; name = Base; path = Base.lproj/Main.storyboard; sourceTree = "<group>"; };
		0A753EB02005B7BE00366B16 /* Assets.xcassets */ = {isa = PBXFileReference; lastKnownFileType = folder.assetcatalog; path = Assets.xcassets; sourceTree = "<group>"; };
		0A753EB32005B7BE00366B16 /* Base */ = {isa = PBXFileReference; lastKnownFileType = file.storyboard; name = Base; path = Base.lproj/LaunchScreen.storyboard; sourceTree = "<group>"; };
		0A753EB52005B7BE00366B16 /* Info.plist */ = {isa = PBXFileReference; lastKnownFileType = text.plist.xml; path = Info.plist; sourceTree = "<group>"; };
		0A753EB62005B7BE00366B16 /* main.m */ = {isa = PBXFileReference; lastKnownFileType = sourcecode.c.objc; path = main.m; sourceTree = "<group>"; };
		0A753EBD2005B7F000366B16 /* CalendarViewController.h */ = {isa = PBXFileReference; lastKnownFileType = sourcecode.c.h; path = CalendarViewController.h; sourceTree = "<group>"; };
		0A753EBE2005B7F000366B16 /* CalendarViewController.m */ = {isa = PBXFileReference; lastKnownFileType = sourcecode.c.objc; path = CalendarViewController.m; sourceTree = "<group>"; };
		0A753EC02005C2A000366B16 /* Model.h */ = {isa = PBXFileReference; lastKnownFileType = sourcecode.c.h; path = Model.h; sourceTree = "<group>"; };
		0A753EC12005C2A000366B16 /* Model.m */ = {isa = PBXFileReference; lastKnownFileType = sourcecode.c.objc; path = Model.m; sourceTree = "<group>"; };
		0A753EC32005C31700366B16 /* WeekCell.h */ = {isa = PBXFileReference; lastKnownFileType = sourcecode.c.h; path = WeekCell.h; sourceTree = "<group>"; };
		0A753EC42005C31700366B16 /* WeekCell.m */ = {isa = PBXFileReference; lastKnownFileType = sourcecode.c.objc; path = WeekCell.m; sourceTree = "<group>"; };
		0A753EC62005C32F00366B16 /* MonthCell.h */ = {isa = PBXFileReference; lastKnownFileType = sourcecode.c.h; path = MonthCell.h; sourceTree = "<group>"; };
		0A753EC72005C32F00366B16 /* MonthCell.m */ = {isa = PBXFileReference; lastKnownFileType = sourcecode.c.objc; path = MonthCell.m; sourceTree = "<group>"; };
		0A753EC92005C3C200366B16 /* WeekProvider.h */ = {isa = PBXFileReference; lastKnownFileType = sourcecode.c.h; path = WeekProvider.h; sourceTree = "<group>"; };
		0A753ECA2005C3C200366B16 /* WeekProvider.m */ = {isa = PBXFileReference; lastKnownFileType = sourcecode.c.objc; path = WeekProvider.m; sourceTree = "<group>"; };
		0A753ECC2005C3D700366B16 /* MonthProvider.h */ = {isa = PBXFileReference; lastKnownFileType = sourcecode.c.h; path = MonthProvider.h; sourceTree = "<group>"; };
		0A753ECD2005C3D700366B16 /* MonthProvider.m */ = {isa = PBXFileReference; lastKnownFileType = sourcecode.c.objc; path = MonthProvider.m; sourceTree = "<group>"; };
/* End PBXFileReference section */

/* Begin PBXFrameworksBuildPhase section */
		0A753EA12005B7BD00366B16 /* Frameworks */ = {
			isa = PBXFrameworksBuildPhase;
			buildActionMask = 2147483647;
			files = (
			);
			runOnlyForDeploymentPostprocessing = 0;
		};
/* End PBXFrameworksBuildPhase section */

/* Begin PBXGroup section */
		0A753E9B2005B7BD00366B16 = {
			isa = PBXGroup;
			children = (
				0A753EA62005B7BD00366B16 /* CalendarAppVersion2 */,
				0A753ED52005C66400366B16 /* Support */,
				0A753EA52005B7BD00366B16 /* Products */,
			);
			sourceTree = "<group>";
		};
		0A753EA52005B7BD00366B16 /* Products */ = {
			isa = PBXGroup;
			children = (
				0A753EA42005B7BD00366B16 /* CalendarAppVersion2.app */,
			);
			name = Products;
			sourceTree = "<group>";
		};
		0A753EA62005B7BD00366B16 /* CalendarAppVersion2 */ = {
			isa = PBXGroup;
			children = (
				0A753ED42005C65000366B16 /* Model */,
				0A753ED32005C63F00366B16 /* CalendarViewController */,
				0A753ECF2005C5FB00366B16 /* WeekView */,
				0A753ED12005C61F00366B16 /* WeekViewController */,
				0A753ED22005C63200366B16 /* MonthViewController */,
				0A753ED02005C61500366B16 /* MonthView */,
				0A753EB52005B7BE00366B16 /* Info.plist */,
			);
			path = CalendarAppVersion2;
			sourceTree = "<group>";
		};
		0A753ECF2005C5FB00366B16 /* WeekView */ = {
			isa = PBXGroup;
			children = (
				0A753EC32005C31700366B16 /* WeekCell.h */,
				0A753EC42005C31700366B16 /* WeekCell.m */,
			);
			path = WeekView;
			sourceTree = "<group>";
		};
		0A753ED02005C61500366B16 /* MonthView */ = {
			isa = PBXGroup;
			children = (
				0A753EC62005C32F00366B16 /* MonthCell.h */,
				0A753EC72005C32F00366B16 /* MonthCell.m */,
			);
			path = MonthView;
			sourceTree = "<group>";
		};
		0A753ED12005C61F00366B16 /* WeekViewController */ = {
			isa = PBXGroup;
			children = (
				0A753EC92005C3C200366B16 /* WeekProvider.h */,
				0A753ECA2005C3C200366B16 /* WeekProvider.m */,
			);
			path = WeekViewController;
			sourceTree = "<group>";
		};
		0A753ED22005C63200366B16 /* MonthViewController */ = {
			isa = PBXGroup;
			children = (
				0A753ECC2005C3D700366B16 /* MonthProvider.h */,
				0A753ECD2005C3D700366B16 /* MonthProvider.m */,
			);
			path = MonthViewController;
			sourceTree = "<group>";
		};
		0A753ED32005C63F00366B16 /* CalendarViewController */ = {
			isa = PBXGroup;
			children = (
				0A753EBD2005B7F000366B16 /* CalendarViewController.h */,
				0A753EBE2005B7F000366B16 /* CalendarViewController.m */,
			);
			path = CalendarViewController;
			sourceTree = "<group>";
		};
		0A753ED42005C65000366B16 /* Model */ = {
			isa = PBXGroup;
			children = (
				0A753EC02005C2A000366B16 /* Model.h */,
				0A753EC12005C2A000366B16 /* Model.m */,
			);
			path = Model;
			sourceTree = "<group>";
		};
		0A753ED52005C66400366B16 /* Support */ = {
			isa = PBXGroup;
			children = (
				0A753EA72005B7BE00366B16 /* AppDelegate.h */,
				0A753EA82005B7BE00366B16 /* AppDelegate.m */,
				0A753EAD2005B7BE00366B16 /* Main.storyboard */,
				0A753EB02005B7BE00366B16 /* Assets.xcassets */,
				0A753EB22005B7BE00366B16 /* LaunchScreen.storyboard */,
				0A753EB62005B7BE00366B16 /* main.m */,
			);
			path = Support;
			sourceTree = "<group>";
		};
/* End PBXGroup section */

/* Begin PBXNativeTarget section */
		0A753EA32005B7BD00366B16 /* CalendarAppVersion2 */ = {
			isa = PBXNativeTarget;
			buildConfigurationList = 0A753EBA2005B7BE00366B16 /* Build configuration list for PBXNativeTarget "CalendarAppVersion2" */;
			buildPhases = (
				0A753EA02005B7BD00366B16 /* Sources */,
				0A753EA12005B7BD00366B16 /* Frameworks */,
				0A753EA22005B7BD00366B16 /* Resources */,
			);
			buildRules = (
			);
			dependencies = (
			);
			name = CalendarAppVersion2;
			productName = CalendarAppVersion2;
			productReference = 0A753EA42005B7BD00366B16 /* CalendarAppVersion2.app */;
			productType = "com.apple.product-type.application";
		};
/* End PBXNativeTarget section */

/* Begin PBXProject section */
		0A753E9C2005B7BD00366B16 /* Project object */ = {
			isa = PBXProject;
			attributes = {
				LastUpgradeCheck = 0920;
				ORGANIZATIONNAME = Jack;
				TargetAttributes = {
					0A753EA32005B7BD00366B16 = {
						CreatedOnToolsVersion = 9.2;
						ProvisioningStyle = Automatic;
					};
				};
			};
			buildConfigurationList = 0A753E9F2005B7BD00366B16 /* Build configuration list for PBXProject "CalendarAppVersion2" */;
			compatibilityVersion = "Xcode 8.0";
			developmentRegion = en;
			hasScannedForEncodings = 0;
			knownRegions = (
				en,
				Base,
			);
			mainGroup = 0A753E9B2005B7BD00366B16;
			productRefGroup = 0A753EA52005B7BD00366B16 /* Products */;
			projectDirPath = "";
			projectRoot = "";
			targets = (
				0A753EA32005B7BD00366B16 /* CalendarAppVersion2 */,
			);
		};
/* End PBXProject section */

/* Begin PBXResourcesBuildPhase section */
		0A753EA22005B7BD00366B16 /* Resources */ = {
			isa = PBXResourcesBuildPhase;
			buildActionMask = 2147483647;
			files = (
				0A753EB42005B7BE00366B16 /* LaunchScreen.storyboard in Resources */,
				0A753EB12005B7BE00366B16 /* Assets.xcassets in Resources */,
				0A753EAF2005B7BE00366B16 /* Main.storyboard in Resources */,
			);
			runOnlyForDeploymentPostprocessing = 0;
		};
/* End PBXResourcesBuildPhase section */

/* Begin PBXSourcesBuildPhase section */
		0A753EA02005B7BD00366B16 /* Sources */ = {
			isa = PBXSourcesBuildPhase;
			buildActionMask = 2147483647;
			files = (
				0A753EB72005B7BE00366B16 /* main.m in Sources */,
				0A753EBF2005B7F000366B16 /* CalendarViewController.m in Sources */,
				0A753EC82005C32F00366B16 /* MonthCell.m in Sources */,
				0A753ECE2005C3D700366B16 /* MonthProvider.m in Sources */,
				0A753ECB2005C3C200366B16 /* WeekProvider.m in Sources */,
				0A753EC52005C31700366B16 /* WeekCell.m in Sources */,
				0A753EA92005B7BE00366B16 /* AppDelegate.m in Sources */,
				0A753EC22005C2A000366B16 /* Model.m in Sources */,
			);
			runOnlyForDeploymentPostprocessing = 0;
		};
/* End PBXSourcesBuildPhase section */

/* Begin PBXVariantGroup section */
		0A753EAD2005B7BE00366B16 /* Main.storyboard */ = {
			isa = PBXVariantGroup;
			children = (
				0A753EAE2005B7BE00366B16 /* Base */,
			);
			name = Main.storyboard;
			sourceTree = "<group>";
		};
		0A753EB22005B7BE00366B16 /* LaunchScreen.storyboard */ = {
			isa = PBXVariantGroup;
			children = (
				0A753EB32005B7BE00366B16 /* Base */,
			);
			name = LaunchScreen.storyboard;
			sourceTree = "<group>";
		};
/* End PBXVariantGroup section */

/* Begin XCBuildConfiguration section */
		0A753EB82005B7BE00366B16 /* Debug */ = {
			isa = XCBuildConfiguration;
			buildSettings = {
				ALWAYS_SEARCH_USER_PATHS = NO;
				CLANG_ANALYZER_NONNULL = YES;
				CLANG_ANALYZER_NUMBER_OBJECT_CONVERSION = YES_AGGRESSIVE;
				CLANG_CXX_LANGUAGE_STANDARD = "gnu++14";
				CLANG_CXX_LIBRARY = "libc++";
				CLANG_ENABLE_MODULES = YES;
				CLANG_ENABLE_OBJC_ARC = YES;
				CLANG_WARN_BLOCK_CAPTURE_AUTORELEASING = YES;
				CLANG_WARN_BOOL_CONVERSION = YES;
				CLANG_WARN_COMMA = YES;
				CLANG_WARN_CONSTANT_CONVERSION = YES;
				CLANG_WARN_DIRECT_OBJC_ISA_USAGE = YES_ERROR;
				CLANG_WARN_DOCUMENTATION_COMMENTS = YES;
				CLANG_WARN_EMPTY_BODY = YES;
				CLANG_WARN_ENUM_CONVERSION = YES;
				CLANG_WARN_INFINITE_RECURSION = YES;
				CLANG_WARN_INT_CONVERSION = YES;
				CLANG_WARN_NON_LITERAL_NULL_CONVERSION = YES;
				CLANG_WARN_OBJC_LITERAL_CONVERSION = YES;
				CLANG_WARN_OBJC_ROOT_CLASS = YES_ERROR;
				CLANG_WARN_RANGE_LOOP_ANALYSIS = YES;
				CLANG_WARN_STRICT_PROTOTYPES = YES;
				CLANG_WARN_SUSPICIOUS_MOVE = YES;
				CLANG_WARN_UNGUARDED_AVAILABILITY = YES_AGGRESSIVE;
				CLANG_WARN_UNREACHABLE_CODE = YES;
				CLANG_WARN__DUPLICATE_METHOD_MATCH = YES;
				CODE_SIGN_IDENTITY = "iPhone Developer";
				COPY_PHASE_STRIP = NO;
				DEBUG_INFORMATION_FORMAT = dwarf;
				ENABLE_STRICT_OBJC_MSGSEND = YES;
				ENABLE_TESTABILITY = YES;
				GCC_C_LANGUAGE_STANDARD = gnu11;
				GCC_DYNAMIC_NO_PIC = NO;
				GCC_NO_COMMON_BLOCKS = YES;
				GCC_OPTIMIZATION_LEVEL = 0;
				GCC_PREPROCESSOR_DEFINITIONS = (
					"DEBUG=1",
					"$(inherited)",
				);
				GCC_WARN_64_TO_32_BIT_CONVERSION = YES;
				GCC_WARN_ABOUT_RETURN_TYPE = YES_ERROR;
				GCC_WARN_UNDECLARED_SELECTOR = YES;
				GCC_WARN_UNINITIALIZED_AUTOS = YES_AGGRESSIVE;
				GCC_WARN_UNUSED_FUNCTION = YES;
				GCC_WARN_UNUSED_VARIABLE = YES;
				IPHONEOS_DEPLOYMENT_TARGET = 11.2;
				MTL_ENABLE_DEBUG_INFO = YES;
				ONLY_ACTIVE_ARCH = YES;
				SDKROOT = iphoneos;
			};
			name = Debug;
		};
		0A753EB92005B7BE00366B16 /* Release */ = {
			isa = XCBuildConfiguration;
			buildSettings = {
				ALWAYS_SEARCH_USER_PATHS = NO;
				CLANG_ANALYZER_NONNULL = YES;
				CLANG_ANALYZER_NUMBER_OBJECT_CONVERSION = YES_AGGRESSIVE;
				CLANG_CXX_LANGUAGE_STANDARD = "gnu++14";
				CLANG_CXX_LIBRARY = "libc++";
				CLANG_ENABLE_MODULES = YES;
				CLANG_ENABLE_OBJC_ARC = YES;
				CLANG_WARN_BLOCK_CAPTURE_AUTORELEASING = YES;
				CLANG_WARN_BOOL_CONVERSION = YES;
				CLANG_WARN_COMMA = YES;
				CLANG_WARN_CONSTANT_CONVERSION = YES;
				CLANG_WARN_DIRECT_OBJC_ISA_USAGE = YES_ERROR;
				CLANG_WARN_DOCUMENTATION_COMMENTS = YES;
				CLANG_WARN_EMPTY_BODY = YES;
				CLANG_WARN_ENUM_CONVERSION = YES;
				CLANG_WARN_INFINITE_RECURSION = YES;
				CLANG_WARN_INT_CONVERSION = YES;
				CLANG_WARN_NON_LITERAL_NULL_CONVERSION = YES;
				CLANG_WARN_OBJC_LITERAL_CONVERSION = YES;
				CLANG_WARN_OBJC_ROOT_CLASS = YES_ERROR;
				CLANG_WARN_RANGE_LOOP_ANALYSIS = YES;
				CLANG_WARN_STRICT_PROTOTYPES = YES;
				CLANG_WARN_SUSPICIOUS_MOVE = YES;
				CLANG_WARN_UNGUARDED_AVAILABILITY = YES_AGGRESSIVE;
				CLANG_WARN_UNREACHABLE_CODE = YES;
				CLANG_WARN__DUPLICATE_METHOD_MATCH = YES;
				CODE_SIGN_IDENTITY = "iPhone Developer";
				COPY_PHASE_STRIP = NO;
				DEBUG_INFORMATION_FORMAT = "dwarf-with-dsym";
				ENABLE_NS_ASSERTIONS = NO;
				ENABLE_STRICT_OBJC_MSGSEND = YES;
				GCC_C_LANGUAGE_STANDARD = gnu11;
				GCC_NO_COMMON_BLOCKS = YES;
				GCC_WARN_64_TO_32_BIT_CONVERSION = YES;
				GCC_WARN_ABOUT_RETURN_TYPE = YES_ERROR;
				GCC_WARN_UNDECLARED_SELECTOR = YES;
				GCC_WARN_UNINITIALIZED_AUTOS = YES_AGGRESSIVE;
				GCC_WARN_UNUSED_FUNCTION = YES;
				GCC_WARN_UNUSED_VARIABLE = YES;
				IPHONEOS_DEPLOYMENT_TARGET = 11.2;
				MTL_ENABLE_DEBUG_INFO = NO;
				SDKROOT = iphoneos;
				VALIDATE_PRODUCT = YES;
			};
			name = Release;
		};
		0A753EBB2005B7BE00366B16 /* Debug */ = {
			isa = XCBuildConfiguration;
			buildSettings = {
				ASSETCATALOG_COMPILER_APPICON_NAME = AppIcon;
				CODE_SIGN_STYLE = Automatic;
				DEVELOPMENT_TEAM = D638RKMLF5;
				INFOPLIST_FILE = CalendarAppVersion2/Info.plist;
				LD_RUNPATH_SEARCH_PATHS = "$(inherited) @executable_path/Frameworks";
				PRODUCT_BUNDLE_IDENTIFIER = Jack.CalendarAppVersion2;
				PRODUCT_NAME = "$(TARGET_NAME)";
				TARGETED_DEVICE_FAMILY = "1,2";
			};
			name = Debug;
		};
		0A753EBC2005B7BE00366B16 /* Release */ = {
			isa = XCBuildConfiguration;
			buildSettings = {
				ASSETCATALOG_COMPILER_APPICON_NAME = AppIcon;
				CODE_SIGN_STYLE = Automatic;
				DEVELOPMENT_TEAM = D638RKMLF5;
				INFOPLIST_FILE = CalendarAppVersion2/Info.plist;
				LD_RUNPATH_SEARCH_PATHS = "$(inherited) @executable_path/Frameworks";
				PRODUCT_BUNDLE_IDENTIFIER = Jack.CalendarAppVersion2;
				PRODUCT_NAME = "$(TARGET_NAME)";
				TARGETED_DEVICE_FAMILY = "1,2";
			};
			name = Release;
		};
/* End XCBuildConfiguration section */

/* Begin XCConfigurationList section */
		0A753E9F2005B7BD00366B16 /* Build configuration list for PBXProject "CalendarAppVersion2" */ = {
			isa = XCConfigurationList;
			buildConfigurations = (
				0A753EB82005B7BE00366B16 /* Debug */,
				0A753EB92005B7BE00366B16 /* Release */,
			);
			defaultConfigurationIsVisible = 0;
			defaultConfigurationName = Release;
		};
		0A753EBA2005B7BE00366B16 /* Build configuration list for PBXNativeTarget "CalendarAppVersion2" */ = {
			isa = XCConfigurationList;
			buildConfigurations = (
				0A753EBB2005B7BE00366B16 /* Debug */,
				0A753EBC2005B7BE00366B16 /* Release */,
			);
			defaultConfigurationIsVisible = 0;
			defaultConfigurationName = Release;
		};
/* End XCConfigurationList section */
	};
	rootObject = 0A753E9C2005B7BD00366B16 /* Project object */;
}
